// !$*UTF8*$!
{
	archiveVersion = 1;
	classes = {
	};
	objectVersion = 56;
	objects = {

/* Begin PBXBuildFile section */
		8FDFB2542B94A9F10029F1FC /* AppDelegate.swift in Sources */ = {isa = PBXBuildFile; fileRef = 8FDFB2532B94A9F10029F1FC /* AppDelegate.swift */; };
		8FDFB2562B94A9F10029F1FC /* SceneDelegate.swift in Sources */ = {isa = PBXBuildFile; fileRef = 8FDFB2552B94A9F10029F1FC /* SceneDelegate.swift */; };
		8FDFB2582B94A9F10029F1FC /* ViewController.swift in Sources */ = {isa = PBXBuildFile; fileRef = 8FDFB2572B94A9F10029F1FC /* ViewController.swift */; };
		8FDFB25B2B94A9F10029F1FC /* Main.storyboard in Resources */ = {isa = PBXBuildFile; fileRef = 8FDFB2592B94A9F10029F1FC /* Main.storyboard */; };
		8FDFB25D2B94A9F50029F1FC /* Assets.xcassets in Resources */ = {isa = PBXBuildFile; fileRef = 8FDFB25C2B94A9F50029F1FC /* Assets.xcassets */; };
		8FDFB2602B94A9F50029F1FC /* LaunchScreen.storyboard in Resources */ = {isa = PBXBuildFile; fileRef = 8FDFB25E2B94A9F50029F1FC /* LaunchScreen.storyboard */; };
		8FDFB26B2B94A9F60029F1FC /* app_lab4Tests.swift in Sources */ = {isa = PBXBuildFile; fileRef = 8FDFB26A2B94A9F60029F1FC /* app_lab4Tests.swift */; };
		8FDFB2752B94A9F60029F1FC /* app_lab4UITests.swift in Sources */ = {isa = PBXBuildFile; fileRef = 8FDFB2742B94A9F60029F1FC /* app_lab4UITests.swift */; };
		8FDFB2772B94A9F60029F1FC /* app_lab4UITestsLaunchTests.swift in Sources */ = {isa = PBXBuildFile; fileRef = 8FDFB2762B94A9F60029F1FC /* app_lab4UITestsLaunchTests.swift */; };
/* End PBXBuildFile section */

/* Begin PBXContainerItemProxy section */
		8FDFB2672B94A9F60029F1FC /* PBXContainerItemProxy */ = {
			isa = PBXContainerItemProxy;
			containerPortal = 8FDFB2482B94A9F10029F1FC /* Project object */;
			proxyType = 1;
			remoteGlobalIDString = 8FDFB24F2B94A9F10029F1FC;
			remoteInfo = "app lab4";
		};
		8FDFB2712B94A9F60029F1FC /* PBXContainerItemProxy */ = {
			isa = PBXContainerItemProxy;
			containerPortal = 8FDFB2482B94A9F10029F1FC /* Project object */;
			proxyType = 1;
			remoteGlobalIDString = 8FDFB24F2B94A9F10029F1FC;
			remoteInfo = "app lab4";
		};
/* End PBXContainerItemProxy section */

/* Begin PBXFileReference section */
		8FDFB2502B94A9F10029F1FC /* app lab4.app */ = {isa = PBXFileReference; explicitFileType = wrapper.application; includeInIndex = 0; path = "app lab4.app"; sourceTree = BUILT_PRODUCTS_DIR; };
		8FDFB2532B94A9F10029F1FC /* AppDelegate.swift */ = {isa = PBXFileReference; lastKnownFileType = sourcecode.swift; path = AppDelegate.swift; sourceTree = "<group>"; };
		8FDFB2552B94A9F10029F1FC /* SceneDelegate.swift */ = {isa = PBXFileReference; lastKnownFileType = sourcecode.swift; path = SceneDelegate.swift; sourceTree = "<group>"; };
		8FDFB2572B94A9F10029F1FC /* ViewController.swift */ = {isa = PBXFileReference; lastKnownFileType = sourcecode.swift; path = ViewController.swift; sourceTree = "<group>"; };
		8FDFB25A2B94A9F10029F1FC /* Base */ = {isa = PBXFileReference; lastKnownFileType = file.storyboard; name = Base; path = Base.lproj/Main.storyboard; sourceTree = "<group>"; };
		8FDFB25C2B94A9F50029F1FC /* Assets.xcassets */ = {isa = PBXFileReference; lastKnownFileType = folder.assetcatalog; path = Assets.xcassets; sourceTree = "<group>"; };
		8FDFB25F2B94A9F50029F1FC /* Base */ = {isa = PBXFileReference; lastKnownFileType = file.storyboard; name = Base; path = Base.lproj/LaunchScreen.storyboard; sourceTree = "<group>"; };
		8FDFB2612B94A9F50029F1FC /* Info.plist */ = {isa = PBXFileReference; lastKnownFileType = text.plist.xml; path = Info.plist; sourceTree = "<group>"; };
		8FDFB2662B94A9F60029F1FC /* app lab4Tests.xctest */ = {isa = PBXFileReference; explicitFileType = wrapper.cfbundle; includeInIndex = 0; path = "app lab4Tests.xctest"; sourceTree = BUILT_PRODUCTS_DIR; };
		8FDFB26A2B94A9F60029F1FC /* app_lab4Tests.swift */ = {isa = PBXFileReference; lastKnownFileType = sourcecode.swift; path = app_lab4Tests.swift; sourceTree = "<group>"; };
		8FDFB2702B94A9F60029F1FC /* app lab4UITests.xctest */ = {isa = PBXFileReference; explicitFileType = wrapper.cfbundle; includeInIndex = 0; path = "app lab4UITests.xctest"; sourceTree = BUILT_PRODUCTS_DIR; };
		8FDFB2742B94A9F60029F1FC /* app_lab4UITests.swift */ = {isa = PBXFileReference; lastKnownFileType = sourcecode.swift; path = app_lab4UITests.swift; sourceTree = "<group>"; };
		8FDFB2762B94A9F60029F1FC /* app_lab4UITestsLaunchTests.swift */ = {isa = PBXFileReference; lastKnownFileType = sourcecode.swift; path = app_lab4UITestsLaunchTests.swift; sourceTree = "<group>"; };
/* End PBXFileReference section */

/* Begin PBXFrameworksBuildPhase section */
		8FDFB24D2B94A9F10029F1FC /* Frameworks */ = {
			isa = PBXFrameworksBuildPhase;
			buildActionMask = 2147483647;
			files = (
			);
			runOnlyForDeploymentPostprocessing = 0;
		};
		8FDFB2632B94A9F60029F1FC /* Frameworks */ = {
			isa = PBXFrameworksBuildPhase;
			buildActionMask = 2147483647;
			files = (
			);
			runOnlyForDeploymentPostprocessing = 0;
		};
		8FDFB26D2B94A9F60029F1FC /* Frameworks */ = {
			isa = PBXFrameworksBuildPhase;
			buildActionMask = 2147483647;
			files = (
			);
			runOnlyForDeploymentPostprocessing = 0;
		};
/* End PBXFrameworksBuildPhase section */

/* Begin PBXGroup section */
		8FDFB2472B94A9F10029F1FC = {
			isa = PBXGroup;
			children = (
				8FDFB2522B94A9F10029F1FC /* app lab4 */,
				8FDFB2692B94A9F60029F1FC /* app lab4Tests */,
				8FDFB2732B94A9F60029F1FC /* app lab4UITests */,
				8FDFB2512B94A9F10029F1FC /* Products */,
			);
			sourceTree = "<group>";
		};
		8FDFB2512B94A9F10029F1FC /* Products */ = {
			isa = PBXGroup;
			children = (
				8FDFB2502B94A9F10029F1FC /* app lab4.app */,
				8FDFB2662B94A9F60029F1FC /* app lab4Tests.xctest */,
				8FDFB2702B94A9F60029F1FC /* app lab4UITests.xctest */,
			);
			name = Products;
			sourceTree = "<group>";
		};
		8FDFB2522B94A9F10029F1FC /* app lab4 */ = {
			isa = PBXGroup;
			children = (
				8FDFB2532B94A9F10029F1FC /* AppDelegate.swift */,
				8FDFB2552B94A9F10029F1FC /* SceneDelegate.swift */,
				8FDFB2572B94A9F10029F1FC /* ViewController.swift */,
				8FDFB2592B94A9F10029F1FC /* Main.storyboard */,
				8FDFB25C2B94A9F50029F1FC /* Assets.xcassets */,
				8FDFB25E2B94A9F50029F1FC /* LaunchScreen.storyboard */,
				8FDFB2612B94A9F50029F1FC /* Info.plist */,
			);
			path = "app lab4";
			sourceTree = "<group>";
		};
		8FDFB2692B94A9F60029F1FC /* app lab4Tests */ = {
			isa = PBXGroup;
			children = (
				8FDFB26A2B94A9F60029F1FC /* app_lab4Tests.swift */,
			);
			path = "app lab4Tests";
			sourceTree = "<group>";
		};
		8FDFB2732B94A9F60029F1FC /* app lab4UITests */ = {
			isa = PBXGroup;
			children = (
				8FDFB2742B94A9F60029F1FC /* app_lab4UITests.swift */,
				8FDFB2762B94A9F60029F1FC /* app_lab4UITestsLaunchTests.swift */,
			);
			path = "app lab4UITests";
			sourceTree = "<group>";
		};
/* End PBXGroup section */

/* Begin PBXNativeTarget section */
		8FDFB24F2B94A9F10029F1FC /* app lab4 */ = {
			isa = PBXNativeTarget;
			buildConfigurationList = 8FDFB27A2B94A9F60029F1FC /* Build configuration list for PBXNativeTarget "app lab4" */;
			buildPhases = (
				8FDFB24C2B94A9F10029F1FC /* Sources */,
				8FDFB24D2B94A9F10029F1FC /* Frameworks */,
				8FDFB24E2B94A9F10029F1FC /* Resources */,
			);
			buildRules = (
			);
			dependencies = (
			);
			name = "app lab4";
			productName = "app lab4";
			productReference = 8FDFB2502B94A9F10029F1FC /* app lab4.app */;
			productType = "com.apple.product-type.application";
		};
		8FDFB2652B94A9F60029F1FC /* app lab4Tests */ = {
			isa = PBXNativeTarget;
			buildConfigurationList = 8FDFB27D2B94A9F60029F1FC /* Build configuration list for PBXNativeTarget "app lab4Tests" */;
			buildPhases = (
				8FDFB2622B94A9F60029F1FC /* Sources */,
				8FDFB2632B94A9F60029F1FC /* Frameworks */,
				8FDFB2642B94A9F60029F1FC /* Resources */,
			);
			buildRules = (
			);
			dependencies = (
				8FDFB2682B94A9F60029F1FC /* PBXTargetDependency */,
			);
			name = "app lab4Tests";
			productName = "app lab4Tests";
			productReference = 8FDFB2662B94A9F60029F1FC /* app lab4Tests.xctest */;
			productType = "com.apple.product-type.bundle.unit-test";
		};
		8FDFB26F2B94A9F60029F1FC /* app lab4UITests */ = {
			isa = PBXNativeTarget;
			buildConfigurationList = 8FDFB2802B94A9F60029F1FC /* Build configuration list for PBXNativeTarget "app lab4UITests" */;
			buildPhases = (
				8FDFB26C2B94A9F60029F1FC /* Sources */,
				8FDFB26D2B94A9F60029F1FC /* Frameworks */,
				8FDFB26E2B94A9F60029F1FC /* Resources */,
			);
			buildRules = (
			);
			dependencies = (
				8FDFB2722B94A9F60029F1FC /* PBXTargetDependency */,
			);
			name = "app lab4UITests";
			productName = "app lab4UITests";
			productReference = 8FDFB2702B94A9F60029F1FC /* app lab4UITests.xctest */;
			productType = "com.apple.product-type.bundle.ui-testing";
		};
/* End PBXNativeTarget section */

/* Begin PBXProject section */
		8FDFB2482B94A9F10029F1FC /* Project object */ = {
			isa = PBXProject;
			attributes = {
				BuildIndependentTargetsInParallel = 1;
				LastSwiftUpdateCheck = 1520;
				LastUpgradeCheck = 1520;
				TargetAttributes = {
					8FDFB24F2B94A9F10029F1FC = {
						CreatedOnToolsVersion = 15.2;
					};
					8FDFB2652B94A9F60029F1FC = {
						CreatedOnToolsVersion = 15.2;
						TestTargetID = 8FDFB24F2B94A9F10029F1FC;
					};
					8FDFB26F2B94A9F60029F1FC = {
						CreatedOnToolsVersion = 15.2;
						TestTargetID = 8FDFB24F2B94A9F10029F1FC;
					};
				};
			};
			buildConfigurationList = 8FDFB24B2B94A9F10029F1FC /* Build configuration list for PBXProject "app lab4" */;
			compatibilityVersion = "Xcode 14.0";
			developmentRegion = en;
			hasScannedForEncodings = 0;
			knownRegions = (
				en,
				Base,
			);
			mainGroup = 8FDFB2472B94A9F10029F1FC;
			productRefGroup = 8FDFB2512B94A9F10029F1FC /* Products */;
			projectDirPath = "";
			projectRoot = "";
			targets = (
				8FDFB24F2B94A9F10029F1FC /* app lab4 */,
				8FDFB2652B94A9F60029F1FC /* app lab4Tests */,
				8FDFB26F2B94A9F60029F1FC /* app lab4UITests */,
			);
		};
/* End PBXProject section */

/* Begin PBXResourcesBuildPhase section */
		8FDFB24E2B94A9F10029F1FC /* Resources */ = {
			isa = PBXResourcesBuildPhase;
			buildActionMask = 2147483647;
			files = (
				8FDFB2602B94A9F50029F1FC /* LaunchScreen.storyboard in Resources */,
				8FDFB25D2B94A9F50029F1FC /* Assets.xcassets in Resources */,
				8FDFB25B2B94A9F10029F1FC /* Main.storyboard in Resources */,
			);
			runOnlyForDeploymentPostprocessing = 0;
		};
		8FDFB2642B94A9F60029F1FC /* Resources */ = {
			isa = PBXResourcesBuildPhase;
			buildActionMask = 2147483647;
			files = (
			);
			runOnlyForDeploymentPostprocessing = 0;
		};
		8FDFB26E2B94A9F60029F1FC /* Resources */ = {
			isa = PBXResourcesBuildPhase;
			buildActionMask = 2147483647;
			files = (
			);
			runOnlyForDeploymentPostprocessing = 0;
		};
/* End PBXResourcesBuildPhase section */

/* Begin PBXSourcesBuildPhase section */
		8FDFB24C2B94A9F10029F1FC /* Sources */ = {
			isa = PBXSourcesBuildPhase;
			buildActionMask = 2147483647;
			files = (
				8FDFB2582B94A9F10029F1FC /* ViewController.swift in Sources */,
				8FDFB2542B94A9F10029F1FC /* AppDelegate.swift in Sources */,
				8FDFB2562B94A9F10029F1FC /* SceneDelegate.swift in Sources */,
			);
			runOnlyForDeploymentPostprocessing = 0;
		};
		8FDFB2622B94A9F60029F1FC /* Sources */ = {
			isa = PBXSourcesBuildPhase;
			buildActionMask = 2147483647;
			files = (
				8FDFB26B2B94A9F60029F1FC /* app_lab4Tests.swift in Sources */,
			);
			runOnlyForDeploymentPostprocessing = 0;
		};
		8FDFB26C2B94A9F60029F1FC /* Sources */ = {
			isa = PBXSourcesBuildPhase;
			buildActionMask = 2147483647;
			files = (
				8FDFB2772B94A9F60029F1FC /* app_lab4UITestsLaunchTests.swift in Sources */,
				8FDFB2752B94A9F60029F1FC /* app_lab4UITests.swift in Sources */,
			);
			runOnlyForDeploymentPostprocessing = 0;
		};
/* End PBXSourcesBuildPhase section */

/* Begin PBXTargetDependency section */
		8FDFB2682B94A9F60029F1FC /* PBXTargetDependency */ = {
			isa = PBXTargetDependency;
			target = 8FDFB24F2B94A9F10029F1FC /* app lab4 */;
			targetProxy = 8FDFB2672B94A9F60029F1FC /* PBXContainerItemProxy */;
		};
		8FDFB2722B94A9F60029F1FC /* PBXTargetDependency */ = {
			isa = PBXTargetDependency;
			target = 8FDFB24F2B94A9F10029F1FC /* app lab4 */;
			targetProxy = 8FDFB2712B94A9F60029F1FC /* PBXContainerItemProxy */;
		};
/* End PBXTargetDependency section */

/* Begin PBXVariantGroup section */
		8FDFB2592B94A9F10029F1FC /* Main.storyboard */ = {
			isa = PBXVariantGroup;
			children = (
				8FDFB25A2B94A9F10029F1FC /* Base */,
			);
			name = Main.storyboard;
			sourceTree = "<group>";
		};
		8FDFB25E2B94A9F50029F1FC /* LaunchScreen.storyboard */ = {
			isa = PBXVariantGroup;
			children = (
				8FDFB25F2B94A9F50029F1FC /* Base */,
			);
			name = LaunchScreen.storyboard;
			sourceTree = "<group>";
		};
/* End PBXVariantGroup section */

/* Begin XCBuildConfiguration section */
		8FDFB2782B94A9F60029F1FC /* Debug */ = {
			isa = XCBuildConfiguration;
			buildSettings = {
				ALWAYS_SEARCH_USER_PATHS = NO;
				ASSETCATALOG_COMPILER_GENERATE_SWIFT_ASSET_SYMBOL_EXTENSIONS = YES;
				CLANG_ANALYZER_NONNULL = YES;
				CLANG_ANALYZER_NUMBER_OBJECT_CONVERSION = YES_AGGRESSIVE;
				CLANG_CXX_LANGUAGE_STANDARD = "gnu++20";
				CLANG_ENABLE_MODULES = YES;
				CLANG_ENABLE_OBJC_ARC = YES;
				CLANG_ENABLE_OBJC_WEAK = YES;
				CLANG_WARN_BLOCK_CAPTURE_AUTORELEASING = YES;
				CLANG_WARN_BOOL_CONVERSION = YES;
				CLANG_WARN_COMMA = YES;
				CLANG_WARN_CONSTANT_CONVERSION = YES;
				CLANG_WARN_DEPRECATED_OBJC_IMPLEMENTATIONS = YES;
				CLANG_WARN_DIRECT_OBJC_ISA_USAGE = YES_ERROR;
				CLANG_WARN_DOCUMENTATION_COMMENTS = YES;
				CLANG_WARN_EMPTY_BODY = YES;
				CLANG_WARN_ENUM_CONVERSION = YES;
				CLANG_WARN_INFINITE_RECURSION = YES;
				CLANG_WARN_INT_CONVERSION = YES;
				CLANG_WARN_NON_LITERAL_NULL_CONVERSION = YES;
				CLANG_WARN_OBJC_IMPLICIT_RETAIN_SELF = YES;
				CLANG_WARN_OBJC_LITERAL_CONVERSION = YES;
				CLANG_WARN_OBJC_ROOT_CLASS = YES_ERROR;
				CLANG_WARN_QUOTED_INCLUDE_IN_FRAMEWORK_HEADER = YES;
				CLANG_WARN_RANGE_LOOP_ANALYSIS = YES;
				CLANG_WARN_STRICT_PROTOTYPES = YES;
				CLANG_WARN_SUSPICIOUS_MOVE = YES;
				CLANG_WARN_UNGUARDED_AVAILABILITY = YES_AGGRESSIVE;
				CLANG_WARN_UNREACHABLE_CODE = YES;
				CLANG_WARN__DUPLICATE_METHOD_MATCH = YES;
				COPY_PHASE_STRIP = NO;
				DEBUG_INFORMATION_FORMAT = dwarf;
				ENABLE_STRICT_OBJC_MSGSEND = YES;
				ENABLE_TESTABILITY = YES;
				ENABLE_USER_SCRIPT_SANDBOXING = YES;
				GCC_C_LANGUAGE_STANDARD = gnu17;
				GCC_DYNAMIC_NO_PIC = NO;
				GCC_NO_COMMON_BLOCKS = YES;
				GCC_OPTIMIZATION_LEVEL = 0;
				GCC_PREPROCESSOR_DEFINITIONS = (
					"DEBUG=1",
					"$(inherited)",
				);
				GCC_WARN_64_TO_32_BIT_CONVERSION = YES;
				GCC_WARN_ABOUT_RETURN_TYPE = YES_ERROR;
				GCC_WARN_UNDECLARED_SELECTOR = YES;
				GCC_WARN_UNINITIALIZED_AUTOS = YES_AGGRESSIVE;
				GCC_WARN_UNUSED_FUNCTION = YES;
				GCC_WARN_UNUSED_VARIABLE = YES;
				IPHONEOS_DEPLOYMENT_TARGET = 17.2;
				LOCALIZATION_PREFERS_STRING_CATALOGS = YES;
				MTL_ENABLE_DEBUG_INFO = INCLUDE_SOURCE;
				MTL_FAST_MATH = YES;
				ONLY_ACTIVE_ARCH = YES;
				SDKROOT = iphoneos;
				SWIFT_ACTIVE_COMPILATION_CONDITIONS = "DEBUG $(inherited)";
				SWIFT_OPTIMIZATION_LEVEL = "-Onone";
			};
			name = Debug;
		};
		8FDFB2792B94A9F60029F1FC /* Release */ = {
			isa = XCBuildConfiguration;
			buildSettings = {
				ALWAYS_SEARCH_USER_PATHS = NO;
				ASSETCATALOG_COMPILER_GENERATE_SWIFT_ASSET_SYMBOL_EXTENSIONS = YES;
				CLANG_ANALYZER_NONNULL = YES;
				CLANG_ANALYZER_NUMBER_OBJECT_CONVERSION = YES_AGGRESSIVE;
				CLANG_CXX_LANGUAGE_STANDARD = "gnu++20";
				CLANG_ENABLE_MODULES = YES;
				CLANG_ENABLE_OBJC_ARC = YES;
				CLANG_ENABLE_OBJC_WEAK = YES;
				CLANG_WARN_BLOCK_CAPTURE_AUTORELEASING = YES;
				CLANG_WARN_BOOL_CONVERSION = YES;
				CLANG_WARN_COMMA = YES;
				CLANG_WARN_CONSTANT_CONVERSION = YES;
				CLANG_WARN_DEPRECATED_OBJC_IMPLEMENTATIONS = YES;
				CLANG_WARN_DIRECT_OBJC_ISA_USAGE = YES_ERROR;
				CLANG_WARN_DOCUMENTATION_COMMENTS = YES;
				CLANG_WARN_EMPTY_BODY = YES;
				CLANG_WARN_ENUM_CONVERSION = YES;
				CLANG_WARN_INFINITE_RECURSION = YES;
				CLANG_WARN_INT_CONVERSION = YES;
				CLANG_WARN_NON_LITERAL_NULL_CONVERSION = YES;
				CLANG_WARN_OBJC_IMPLICIT_RETAIN_SELF = YES;
				CLANG_WARN_OBJC_LITERAL_CONVERSION = YES;
				CLANG_WARN_OBJC_ROOT_CLASS = YES_ERROR;
				CLANG_WARN_QUOTED_INCLUDE_IN_FRAMEWORK_HEADER = YES;
				CLANG_WARN_RANGE_LOOP_ANALYSIS = YES;
				CLANG_WARN_STRICT_PROTOTYPES = YES;
				CLANG_WARN_SUSPICIOUS_MOVE = YES;
				CLANG_WARN_UNGUARDED_AVAILABILITY = YES_AGGRESSIVE;
				CLANG_WARN_UNREACHABLE_CODE = YES;
				CLANG_WARN__DUPLICATE_METHOD_MATCH = YES;
				COPY_PHASE_STRIP = NO;
				DEBUG_INFORMATION_FORMAT = "dwarf-with-dsym";
				ENABLE_NS_ASSERTIONS = NO;
				ENABLE_STRICT_OBJC_MSGSEND = YES;
				ENABLE_USER_SCRIPT_SANDBOXING = YES;
				GCC_C_LANGUAGE_STANDARD = gnu17;
				GCC_NO_COMMON_BLOCKS = YES;
				GCC_WARN_64_TO_32_BIT_CONVERSION = YES;
				GCC_WARN_ABOUT_RETURN_TYPE = YES_ERROR;
				GCC_WARN_UNDECLARED_SELECTOR = YES;
				GCC_WARN_UNINITIALIZED_AUTOS = YES_AGGRESSIVE;
				GCC_WARN_UNUSED_FUNCTION = YES;
				GCC_WARN_UNUSED_VARIABLE = YES;
				IPHONEOS_DEPLOYMENT_TARGET = 17.2;
				LOCALIZATION_PREFERS_STRING_CATALOGS = YES;
				MTL_ENABLE_DEBUG_INFO = NO;
				MTL_FAST_MATH = YES;
				SDKROOT = iphoneos;
				SWIFT_COMPILATION_MODE = wholemodule;
				VALIDATE_PRODUCT = YES;
			};
			name = Release;
		};
		8FDFB27B2B94A9F60029F1FC /* Debug */ = {
			isa = XCBuildConfiguration;
			buildSettings = {
				ASSETCATALOG_COMPILER_APPICON_NAME = AppIcon;
				ASSETCATALOG_COMPILER_GLOBAL_ACCENT_COLOR_NAME = AccentColor;
				CODE_SIGN_STYLE = Automatic;
				CURRENT_PROJECT_VERSION = 1;
				GENERATE_INFOPLIST_FILE = YES;
				INFOPLIST_FILE = "app lab4/Info.plist";
				INFOPLIST_KEY_UIApplicationSupportsIndirectInputEvents = YES;
				INFOPLIST_KEY_UILaunchStoryboardName = LaunchScreen;
				INFOPLIST_KEY_UIMainStoryboardFile = Main;
				INFOPLIST_KEY_UISupportedInterfaceOrientations_iPad = "UIInterfaceOrientationPortrait UIInterfaceOrientationPortraitUpsideDown UIInterfaceOrientationLandscapeLeft UIInterfaceOrientationLandscapeRight";
				INFOPLIST_KEY_UISupportedInterfaceOrientations_iPhone = "UIInterfaceOrientationPortrait UIInterfaceOrientationLandscapeLeft UIInterfaceOrientationLandscapeRight";
				LD_RUNPATH_SEARCH_PATHS = (
					"$(inherited)",
					"@executable_path/Frameworks",
				);
				MARKETING_VERSION = 1.0;
				PRODUCT_BUNDLE_IDENTIFIER = "asd.app-lab4";
				PRODUCT_NAME = "$(TARGET_NAME)";
				SWIFT_EMIT_LOC_STRINGS = YES;
				SWIFT_VERSION = 5.0;
				TARGETED_DEVICE_FAMILY = "1,2";
			};
			name = Debug;
		};
		8FDFB27C2B94A9F60029F1FC /* Release */ = {
			isa = XCBuildConfiguration;
			buildSettings = {
				ASSETCATALOG_COMPILER_APPICON_NAME = AppIcon;
				ASSETCATALOG_COMPILER_GLOBAL_ACCENT_COLOR_NAME = AccentColor;
				CODE_SIGN_STYLE = Automatic;
				CURRENT_PROJECT_VERSION = 1;
				GENERATE_INFOPLIST_FILE = YES;
				INFOPLIST_FILE = "app lab4/Info.plist";
				INFOPLIST_KEY_UIApplicationSupportsIndirectInputEvents = YES;
				INFOPLIST_KEY_UILaunchStoryboardName = LaunchScreen;
				INFOPLIST_KEY_UIMainStoryboardFile = Main;
				INFOPLIST_KEY_UISupportedInterfaceOrientations_iPad = "UIInterfaceOrientationPortrait UIInterfaceOrientationPortraitUpsideDown UIInterfaceOrientationLandscapeLeft UIInterfaceOrientationLandscapeRight";
				INFOPLIST_KEY_UISupportedInterfaceOrientations_iPhone = "UIInterfaceOrientationPortrait UIInterfaceOrientationLandscapeLeft UIInterfaceOrientationLandscapeRight";
				LD_RUNPATH_SEARCH_PATHS = (
					"$(inherited)",
					"@executable_path/Frameworks",
				);
				MARKETING_VERSION = 1.0;
				PRODUCT_BUNDLE_IDENTIFIER = "asd.app-lab4";
				PRODUCT_NAME = "$(TARGET_NAME)";
				SWIFT_EMIT_LOC_STRINGS = YES;
				SWIFT_VERSION = 5.0;
				TARGETED_DEVICE_FAMILY = "1,2";
			};
			name = Release;
		};
		8FDFB27E2B94A9F60029F1FC /* Debug */ = {
			isa = XCBuildConfiguration;
			buildSettings = {
				ALWAYS_EMBED_SWIFT_STANDARD_LIBRARIES = YES;
				BUNDLE_LOADER = "$(TEST_HOST)";
				CODE_SIGN_STYLE = Automatic;
				CURRENT_PROJECT_VERSION = 1;
				GENERATE_INFOPLIST_FILE = YES;
				IPHONEOS_DEPLOYMENT_TARGET = 17.2;
				MARKETING_VERSION = 1.0;
				PRODUCT_BUNDLE_IDENTIFIER = "asd.app-lab4Tests";
				PRODUCT_NAME = "$(TARGET_NAME)";
				SWIFT_EMIT_LOC_STRINGS = NO;
				SWIFT_VERSION = 5.0;
				TARGETED_DEVICE_FAMILY = "1,2";
				TEST_HOST = "$(BUILT_PRODUCTS_DIR)/app lab4.app/$(BUNDLE_EXECUTABLE_FOLDER_PATH)/app lab4";
			};
			name = Debug;
		};
		8FDFB27F2B94A9F60029F1FC /* Release */ = {
			isa = XCBuildConfiguration;
			buildSettings = {
				ALWAYS_EMBED_SWIFT_STANDARD_LIBRARIES = YES;
				BUNDLE_LOADER = "$(TEST_HOST)";
				CODE_SIGN_STYLE = Automatic;
				CURRENT_PROJECT_VERSION = 1;
				GENERATE_INFOPLIST_FILE = YES;
				IPHONEOS_DEPLOYMENT_TARGET = 17.2;
				MARKETING_VERSION = 1.0;
				PRODUCT_BUNDLE_IDENTIFIER = "asd.app-lab4Tests";
				PRODUCT_NAME = "$(TARGET_NAME)";
				SWIFT_EMIT_LOC_STRINGS = NO;
				SWIFT_VERSION = 5.0;
				TARGETED_DEVICE_FAMILY = "1,2";
				TEST_HOST = "$(BUILT_PRODUCTS_DIR)/app lab4.app/$(BUNDLE_EXECUTABLE_FOLDER_PATH)/app lab4";
			};
			name = Release;
		};
		8FDFB2812B94A9F60029F1FC /* Debug */ = {
			isa = XCBuildConfiguration;
			buildSettings = {
				ALWAYS_EMBED_SWIFT_STANDARD_LIBRARIES = YES;
				CODE_SIGN_STYLE = Automatic;
				CURRENT_PROJECT_VERSION = 1;
				GENERATE_INFOPLIST_FILE = YES;
				MARKETING_VERSION = 1.0;
				PRODUCT_BUNDLE_IDENTIFIER = "asd.app-lab4UITests";
				PRODUCT_NAME = "$(TARGET_NAME)";
				SWIFT_EMIT_LOC_STRINGS = NO;
				SWIFT_VERSION = 5.0;
				TARGETED_DEVICE_FAMILY = "1,2";
				TEST_TARGET_NAME = "app lab4";
			};
			name = Debug;
		};
		8FDFB2822B94A9F60029F1FC /* Release */ = {
			isa = XCBuildConfiguration;
			buildSettings = {
				ALWAYS_EMBED_SWIFT_STANDARD_LIBRARIES = YES;
				CODE_SIGN_STYLE = Automatic;
				CURRENT_PROJECT_VERSION = 1;
				GENERATE_INFOPLIST_FILE = YES;
				MARKETING_VERSION = 1.0;
				PRODUCT_BUNDLE_IDENTIFIER = "asd.app-lab4UITests";
				PRODUCT_NAME = "$(TARGET_NAME)";
				SWIFT_EMIT_LOC_STRINGS = NO;
				SWIFT_VERSION = 5.0;
				TARGETED_DEVICE_FAMILY = "1,2";
				TEST_TARGET_NAME = "app lab4";
			};
			name = Release;
		};
/* End XCBuildConfiguration section */

/* Begin XCConfigurationList section */
		8FDFB24B2B94A9F10029F1FC /* Build configuration list for PBXProject "app lab4" */ = {
			isa = XCConfigurationList;
			buildConfigurations = (
				8FDFB2782B94A9F60029F1FC /* Debug */,
				8FDFB2792B94A9F60029F1FC /* Release */,
			);
			defaultConfigurationIsVisible = 0;
			defaultConfigurationName = Release;
		};
		8FDFB27A2B94A9F60029F1FC /* Build configuration list for PBXNativeTarget "app lab4" */ = {
			isa = XCConfigurationList;
			buildConfigurations = (
				8FDFB27B2B94A9F60029F1FC /* Debug */,
				8FDFB27C2B94A9F60029F1FC /* Release */,
			);
			defaultConfigurationIsVisible = 0;
			defaultConfigurationName = Release;
		};
		8FDFB27D2B94A9F60029F1FC /* Build configuration list for PBXNativeTarget "app lab4Tests" */ = {
			isa = XCConfigurationList;
			buildConfigurations = (
				8FDFB27E2B94A9F60029F1FC /* Debug */,
				8FDFB27F2B94A9F60029F1FC /* Release */,
			);
			defaultConfigurationIsVisible = 0;
			defaultConfigurationName = Release;
		};
		8FDFB2802B94A9F60029F1FC /* Build configuration list for PBXNativeTarget "app lab4UITests" */ = {
			isa = XCConfigurationList;
			buildConfigurations = (
				8FDFB2812B94A9F60029F1FC /* Debug */,
				8FDFB2822B94A9F60029F1FC /* Release */,
			);
			defaultConfigurationIsVisible = 0;
			defaultConfigurationName = Release;
		};
/* End XCConfigurationList section */
	};
	rootObject = 8FDFB2482B94A9F10029F1FC /* Project object */;
}
